// !$*UTF8*$!
{
	archiveVersion = 1;
	classes = {
	};
	objectVersion = 50;
	objects = {

/* Begin PBXBuildFile section */
		01972D1C055C4547BE69E562 /* Pods_TodoApp_TodoAppUITests.framework in Frameworks */ = {isa = PBXBuildFile; fileRef = 0967524B283C357221E98B32 /* Pods_TodoApp_TodoAppUITests.framework */; };
		5BF80EAE1401E1D8CC709F19 /* Pods_TodoApp.framework in Frameworks */ = {isa = PBXBuildFile; fileRef = E92017892DD91DF692984669 /* Pods_TodoApp.framework */; };
		91FCB48ADCDB5EAEC2CE1BE1 /* Pods_TodoAppTests.framework in Frameworks */ = {isa = PBXBuildFile; fileRef = 9E674081DCAFC8F0421AC728 /* Pods_TodoAppTests.framework */; };
		DCA79BF72155F95C00BDF8C3 /* AppDelegate.swift in Sources */ = {isa = PBXBuildFile; fileRef = DCA79BF62155F95C00BDF8C3 /* AppDelegate.swift */; };
		DCA79BF92155F95C00BDF8C3 /* ViewController.swift in Sources */ = {isa = PBXBuildFile; fileRef = DCA79BF82155F95C00BDF8C3 /* ViewController.swift */; };
		DCA79BFC2155F95C00BDF8C3 /* Main.storyboard in Resources */ = {isa = PBXBuildFile; fileRef = DCA79BFA2155F95C00BDF8C3 /* Main.storyboard */; };
		DCA79BFE2155F95D00BDF8C3 /* Assets.xcassets in Resources */ = {isa = PBXBuildFile; fileRef = DCA79BFD2155F95D00BDF8C3 /* Assets.xcassets */; };
		DCA79C012155F95D00BDF8C3 /* LaunchScreen.storyboard in Resources */ = {isa = PBXBuildFile; fileRef = DCA79BFF2155F95D00BDF8C3 /* LaunchScreen.storyboard */; };
		DCA79C0C2155F95D00BDF8C3 /* TodoAppTests.swift in Sources */ = {isa = PBXBuildFile; fileRef = DCA79C0B2155F95D00BDF8C3 /* TodoAppTests.swift */; };
		DCA79C172155F95D00BDF8C3 /* TodoAppUITests.swift in Sources */ = {isa = PBXBuildFile; fileRef = DCA79C162155F95D00BDF8C3 /* TodoAppUITests.swift */; };
		DCA79C252156010F00BDF8C3 /* AddController.swift in Sources */ = {isa = PBXBuildFile; fileRef = DCA79C242156010F00BDF8C3 /* AddController.swift */; };
/* End PBXBuildFile section */

/* Begin PBXContainerItemProxy section */
		DCA79C082155F95D00BDF8C3 /* PBXContainerItemProxy */ = {
			isa = PBXContainerItemProxy;
			containerPortal = DCA79BEB2155F95C00BDF8C3 /* Project object */;
			proxyType = 1;
			remoteGlobalIDString = DCA79BF22155F95C00BDF8C3;
			remoteInfo = TodoApp;
		};
		DCA79C132155F95D00BDF8C3 /* PBXContainerItemProxy */ = {
			isa = PBXContainerItemProxy;
			containerPortal = DCA79BEB2155F95C00BDF8C3 /* Project object */;
			proxyType = 1;
			remoteGlobalIDString = DCA79BF22155F95C00BDF8C3;
			remoteInfo = TodoApp;
		};
/* End PBXContainerItemProxy section */

/* Begin PBXFileReference section */
		0967524B283C357221E98B32 /* Pods_TodoApp_TodoAppUITests.framework */ = {isa = PBXFileReference; explicitFileType = wrapper.framework; includeInIndex = 0; path = Pods_TodoApp_TodoAppUITests.framework; sourceTree = BUILT_PRODUCTS_DIR; };
		21F2A389765221744370B228 /* Pods-TodoApp.debug.xcconfig */ = {isa = PBXFileReference; includeInIndex = 1; lastKnownFileType = text.xcconfig; name = "Pods-TodoApp.debug.xcconfig"; path = "Target Support Files/Pods-TodoApp/Pods-TodoApp.debug.xcconfig"; sourceTree = "<group>"; };
		493AA672706DB9FF6A29E1BF /* Pods-TodoApp-TodoAppUITests.debug.xcconfig */ = {isa = PBXFileReference; includeInIndex = 1; lastKnownFileType = text.xcconfig; name = "Pods-TodoApp-TodoAppUITests.debug.xcconfig"; path = "Target Support Files/Pods-TodoApp-TodoAppUITests/Pods-TodoApp-TodoAppUITests.debug.xcconfig"; sourceTree = "<group>"; };
		8022DD9BD8665B99BD54CCE4 /* Pods-TodoAppTests.release.xcconfig */ = {isa = PBXFileReference; includeInIndex = 1; lastKnownFileType = text.xcconfig; name = "Pods-TodoAppTests.release.xcconfig"; path = "Target Support Files/Pods-TodoAppTests/Pods-TodoAppTests.release.xcconfig"; sourceTree = "<group>"; };
		964C24F587838DE1637D5091 /* Pods-TodoApp-TodoAppUITests.release.xcconfig */ = {isa = PBXFileReference; includeInIndex = 1; lastKnownFileType = text.xcconfig; name = "Pods-TodoApp-TodoAppUITests.release.xcconfig"; path = "Target Support Files/Pods-TodoApp-TodoAppUITests/Pods-TodoApp-TodoAppUITests.release.xcconfig"; sourceTree = "<group>"; };
		9E674081DCAFC8F0421AC728 /* Pods_TodoAppTests.framework */ = {isa = PBXFileReference; explicitFileType = wrapper.framework; includeInIndex = 0; path = Pods_TodoAppTests.framework; sourceTree = BUILT_PRODUCTS_DIR; };
		D4E07517579202A9A38C4B33 /* Pods-TodoAppTests.debug.xcconfig */ = {isa = PBXFileReference; includeInIndex = 1; lastKnownFileType = text.xcconfig; name = "Pods-TodoAppTests.debug.xcconfig"; path = "Target Support Files/Pods-TodoAppTests/Pods-TodoAppTests.debug.xcconfig"; sourceTree = "<group>"; };
		DCA79BF32155F95C00BDF8C3 /* TodoApp.app */ = {isa = PBXFileReference; explicitFileType = wrapper.application; includeInIndex = 0; path = TodoApp.app; sourceTree = BUILT_PRODUCTS_DIR; };
		DCA79BF62155F95C00BDF8C3 /* AppDelegate.swift */ = {isa = PBXFileReference; lastKnownFileType = sourcecode.swift; path = AppDelegate.swift; sourceTree = "<group>"; };
		DCA79BF82155F95C00BDF8C3 /* ViewController.swift */ = {isa = PBXFileReference; lastKnownFileType = sourcecode.swift; path = ViewController.swift; sourceTree = "<group>"; };
		DCA79BFB2155F95C00BDF8C3 /* Base */ = {isa = PBXFileReference; lastKnownFileType = file.storyboard; name = Base; path = Base.lproj/Main.storyboard; sourceTree = "<group>"; };
		DCA79BFD2155F95D00BDF8C3 /* Assets.xcassets */ = {isa = PBXFileReference; lastKnownFileType = folder.assetcatalog; path = Assets.xcassets; sourceTree = "<group>"; };
		DCA79C002155F95D00BDF8C3 /* Base */ = {isa = PBXFileReference; lastKnownFileType = file.storyboard; name = Base; path = Base.lproj/LaunchScreen.storyboard; sourceTree = "<group>"; };
		DCA79C022155F95D00BDF8C3 /* Info.plist */ = {isa = PBXFileReference; lastKnownFileType = text.plist.xml; path = Info.plist; sourceTree = "<group>"; };
		DCA79C072155F95D00BDF8C3 /* TodoAppTests.xctest */ = {isa = PBXFileReference; explicitFileType = wrapper.cfbundle; includeInIndex = 0; path = TodoAppTests.xctest; sourceTree = BUILT_PRODUCTS_DIR; };
		DCA79C0B2155F95D00BDF8C3 /* TodoAppTests.swift */ = {isa = PBXFileReference; lastKnownFileType = sourcecode.swift; path = TodoAppTests.swift; sourceTree = "<group>"; };
		DCA79C0D2155F95D00BDF8C3 /* Info.plist */ = {isa = PBXFileReference; lastKnownFileType = text.plist.xml; path = Info.plist; sourceTree = "<group>"; };
		DCA79C122155F95D00BDF8C3 /* TodoAppUITests.xctest */ = {isa = PBXFileReference; explicitFileType = wrapper.cfbundle; includeInIndex = 0; path = TodoAppUITests.xctest; sourceTree = BUILT_PRODUCTS_DIR; };
		DCA79C162155F95D00BDF8C3 /* TodoAppUITests.swift */ = {isa = PBXFileReference; lastKnownFileType = sourcecode.swift; path = TodoAppUITests.swift; sourceTree = "<group>"; };
		DCA79C182155F95D00BDF8C3 /* Info.plist */ = {isa = PBXFileReference; lastKnownFileType = text.plist.xml; path = Info.plist; sourceTree = "<group>"; };
		DCA79C242156010F00BDF8C3 /* AddController.swift */ = {isa = PBXFileReference; lastKnownFileType = sourcecode.swift; path = AddController.swift; sourceTree = "<group>"; };
		E92017892DD91DF692984669 /* Pods_TodoApp.framework */ = {isa = PBXFileReference; explicitFileType = wrapper.framework; includeInIndex = 0; path = Pods_TodoApp.framework; sourceTree = BUILT_PRODUCTS_DIR; };
		ECFF9E9A27D9938ACBC25647 /* Pods-TodoApp.release.xcconfig */ = {isa = PBXFileReference; includeInIndex = 1; lastKnownFileType = text.xcconfig; name = "Pods-TodoApp.release.xcconfig"; path = "Target Support Files/Pods-TodoApp/Pods-TodoApp.release.xcconfig"; sourceTree = "<group>"; };
/* End PBXFileReference section */

/* Begin PBXFrameworksBuildPhase section */
		DCA79BF02155F95C00BDF8C3 /* Frameworks */ = {
			isa = PBXFrameworksBuildPhase;
			buildActionMask = 2147483647;
			files = (
				5BF80EAE1401E1D8CC709F19 /* Pods_TodoApp.framework in Frameworks */,
			);
			runOnlyForDeploymentPostprocessing = 0;
		};
		DCA79C042155F95D00BDF8C3 /* Frameworks */ = {
			isa = PBXFrameworksBuildPhase;
			buildActionMask = 2147483647;
			files = (
				91FCB48ADCDB5EAEC2CE1BE1 /* Pods_TodoAppTests.framework in Frameworks */,
			);
			runOnlyForDeploymentPostprocessing = 0;
		};
		DCA79C0F2155F95D00BDF8C3 /* Frameworks */ = {
			isa = PBXFrameworksBuildPhase;
			buildActionMask = 2147483647;
			files = (
				01972D1C055C4547BE69E562 /* Pods_TodoApp_TodoAppUITests.framework in Frameworks */,
			);
			runOnlyForDeploymentPostprocessing = 0;
		};
/* End PBXFrameworksBuildPhase section */

/* Begin PBXGroup section */
		1AF5DFB1E3607F3BC88CA718 /* Pods */ = {
			isa = PBXGroup;
			children = (
				21F2A389765221744370B228 /* Pods-TodoApp.debug.xcconfig */,
				ECFF9E9A27D9938ACBC25647 /* Pods-TodoApp.release.xcconfig */,
				493AA672706DB9FF6A29E1BF /* Pods-TodoApp-TodoAppUITests.debug.xcconfig */,
				964C24F587838DE1637D5091 /* Pods-TodoApp-TodoAppUITests.release.xcconfig */,
				D4E07517579202A9A38C4B33 /* Pods-TodoAppTests.debug.xcconfig */,
				8022DD9BD8665B99BD54CCE4 /* Pods-TodoAppTests.release.xcconfig */,
			);
			name = Pods;
			path = Pods;
			sourceTree = "<group>";
		};
		441308AEB8A7DBA9CE091483 /* Frameworks */ = {
			isa = PBXGroup;
			children = (
				E92017892DD91DF692984669 /* Pods_TodoApp.framework */,
				0967524B283C357221E98B32 /* Pods_TodoApp_TodoAppUITests.framework */,
				9E674081DCAFC8F0421AC728 /* Pods_TodoAppTests.framework */,
			);
			name = Frameworks;
			sourceTree = "<group>";
		};
		DCA79BEA2155F95C00BDF8C3 = {
			isa = PBXGroup;
			children = (
				DCA79BF52155F95C00BDF8C3 /* TodoApp */,
				DCA79C0A2155F95D00BDF8C3 /* TodoAppTests */,
				DCA79C152155F95D00BDF8C3 /* TodoAppUITests */,
				DCA79BF42155F95C00BDF8C3 /* Products */,
				1AF5DFB1E3607F3BC88CA718 /* Pods */,
				441308AEB8A7DBA9CE091483 /* Frameworks */,
			);
			sourceTree = "<group>";
		};
		DCA79BF42155F95C00BDF8C3 /* Products */ = {
			isa = PBXGroup;
			children = (
				DCA79BF32155F95C00BDF8C3 /* TodoApp.app */,
				DCA79C072155F95D00BDF8C3 /* TodoAppTests.xctest */,
				DCA79C122155F95D00BDF8C3 /* TodoAppUITests.xctest */,
			);
			name = Products;
			sourceTree = "<group>";
		};
		DCA79BF52155F95C00BDF8C3 /* TodoApp */ = {
			isa = PBXGroup;
			children = (
				DCA79BF62155F95C00BDF8C3 /* AppDelegate.swift */,
				DCA79BF82155F95C00BDF8C3 /* ViewController.swift */,
				DCA79BFA2155F95C00BDF8C3 /* Main.storyboard */,
				DCA79C242156010F00BDF8C3 /* AddController.swift */,
				DCA79BFD2155F95D00BDF8C3 /* Assets.xcassets */,
				DCA79BFF2155F95D00BDF8C3 /* LaunchScreen.storyboard */,
				DCA79C022155F95D00BDF8C3 /* Info.plist */,
			);
			path = TodoApp;
			sourceTree = "<group>";
		};
		DCA79C0A2155F95D00BDF8C3 /* TodoAppTests */ = {
			isa = PBXGroup;
			children = (
				DCA79C0B2155F95D00BDF8C3 /* TodoAppTests.swift */,
				DCA79C0D2155F95D00BDF8C3 /* Info.plist */,
			);
			path = TodoAppTests;
			sourceTree = "<group>";
		};
		DCA79C152155F95D00BDF8C3 /* TodoAppUITests */ = {
			isa = PBXGroup;
			children = (
				DCA79C162155F95D00BDF8C3 /* TodoAppUITests.swift */,
				DCA79C182155F95D00BDF8C3 /* Info.plist */,
			);
			path = TodoAppUITests;
			sourceTree = "<group>";
		};
/* End PBXGroup section */

/* Begin PBXNativeTarget section */
		DCA79BF22155F95C00BDF8C3 /* TodoApp */ = {
			isa = PBXNativeTarget;
			buildConfigurationList = DCA79C1B2155F95D00BDF8C3 /* Build configuration list for PBXNativeTarget "TodoApp" */;
			buildPhases = (
				F9483844653AD31458F4B0BD /* [CP] Check Pods Manifest.lock */,
				DCA79BEF2155F95C00BDF8C3 /* Sources */,
				DCA79BF02155F95C00BDF8C3 /* Frameworks */,
				DCA79BF12155F95C00BDF8C3 /* Resources */,
			);
			buildRules = (
			);
			dependencies = (
			);
			name = TodoApp;
			productName = TodoApp;
			productReference = DCA79BF32155F95C00BDF8C3 /* TodoApp.app */;
			productType = "com.apple.product-type.application";
		};
		DCA79C062155F95D00BDF8C3 /* TodoAppTests */ = {
			isa = PBXNativeTarget;
			buildConfigurationList = DCA79C1E2155F95D00BDF8C3 /* Build configuration list for PBXNativeTarget "TodoAppTests" */;
			buildPhases = (
				95186A40F4222285F43C5FCB /* [CP] Check Pods Manifest.lock */,
				DCA79C032155F95D00BDF8C3 /* Sources */,
				DCA79C042155F95D00BDF8C3 /* Frameworks */,
				DCA79C052155F95D00BDF8C3 /* Resources */,
			);
			buildRules = (
			);
			dependencies = (
				DCA79C092155F95D00BDF8C3 /* PBXTargetDependency */,
			);
			name = TodoAppTests;
			productName = TodoAppTests;
			productReference = DCA79C072155F95D00BDF8C3 /* TodoAppTests.xctest */;
			productType = "com.apple.product-type.bundle.unit-test";
		};
		DCA79C112155F95D00BDF8C3 /* TodoAppUITests */ = {
			isa = PBXNativeTarget;
			buildConfigurationList = DCA79C212155F95D00BDF8C3 /* Build configuration list for PBXNativeTarget "TodoAppUITests" */;
			buildPhases = (
				C2B9CC4F55807F8908F1BE9C /* [CP] Check Pods Manifest.lock */,
				DCA79C0E2155F95D00BDF8C3 /* Sources */,
				DCA79C0F2155F95D00BDF8C3 /* Frameworks */,
				DCA79C102155F95D00BDF8C3 /* Resources */,
			);
			buildRules = (
			);
			dependencies = (
				DCA79C142155F95D00BDF8C3 /* PBXTargetDependency */,
			);
			name = TodoAppUITests;
			productName = TodoAppUITests;
			productReference = DCA79C122155F95D00BDF8C3 /* TodoAppUITests.xctest */;
			productType = "com.apple.product-type.bundle.ui-testing";
		};
/* End PBXNativeTarget section */

/* Begin PBXProject section */
		DCA79BEB2155F95C00BDF8C3 /* Project object */ = {
			isa = PBXProject;
			attributes = {
				LastSwiftUpdateCheck = 1000;
				LastUpgradeCheck = 1000;
				TargetAttributes = {
					DCA79BF22155F95C00BDF8C3 = {
						CreatedOnToolsVersion = 10.0;
					};
					DCA79C062155F95D00BDF8C3 = {
						CreatedOnToolsVersion = 10.0;
						TestTargetID = DCA79BF22155F95C00BDF8C3;
					};
					DCA79C112155F95D00BDF8C3 = {
						CreatedOnToolsVersion = 10.0;
						TestTargetID = DCA79BF22155F95C00BDF8C3;
					};
				};
			};
			buildConfigurationList = DCA79BEE2155F95C00BDF8C3 /* Build configuration list for PBXProject "TodoApp" */;
			compatibilityVersion = "Xcode 9.3";
			developmentRegion = en;
			hasScannedForEncodings = 0;
			knownRegions = (
				en,
				Base,
			);
			mainGroup = DCA79BEA2155F95C00BDF8C3;
			productRefGroup = DCA79BF42155F95C00BDF8C3 /* Products */;
			projectDirPath = "";
			projectRoot = "";
			targets = (
				DCA79BF22155F95C00BDF8C3 /* TodoApp */,
				DCA79C062155F95D00BDF8C3 /* TodoAppTests */,
				DCA79C112155F95D00BDF8C3 /* TodoAppUITests */,
			);
		};
/* End PBXProject section */

/* Begin PBXResourcesBuildPhase section */
		DCA79BF12155F95C00BDF8C3 /* Resources */ = {
			isa = PBXResourcesBuildPhase;
			buildActionMask = 2147483647;
			files = (
				DCA79C012155F95D00BDF8C3 /* LaunchScreen.storyboard in Resources */,
				DCA79BFE2155F95D00BDF8C3 /* Assets.xcassets in Resources */,
				DCA79BFC2155F95C00BDF8C3 /* Main.storyboard in Resources */,
			);
			runOnlyForDeploymentPostprocessing = 0;
		};
		DCA79C052155F95D00BDF8C3 /* Resources */ = {
			isa = PBXResourcesBuildPhase;
			buildActionMask = 2147483647;
			files = (
			);
			runOnlyForDeploymentPostprocessing = 0;
		};
		DCA79C102155F95D00BDF8C3 /* Resources */ = {
			isa = PBXResourcesBuildPhase;
			buildActionMask = 2147483647;
			files = (
			);
			runOnlyForDeploymentPostprocessing = 0;
		};
/* End PBXResourcesBuildPhase section */

/* Begin PBXShellScriptBuildPhase section */
		95186A40F4222285F43C5FCB /* [CP] Check Pods Manifest.lock */ = {
			isa = PBXShellScriptBuildPhase;
			buildActionMask = 2147483647;
			files = (
			);
			inputFileListPaths = (
			);
			inputPaths = (
				"${PODS_PODFILE_DIR_PATH}/Podfile.lock",
				"${PODS_ROOT}/Manifest.lock",
			);
			name = "[CP] Check Pods Manifest.lock";
			outputFileListPaths = (
			);
			outputPaths = (
				"$(DERIVED_FILE_DIR)/Pods-TodoAppTests-checkManifestLockResult.txt",
			);
			runOnlyForDeploymentPostprocessing = 0;
			shellPath = /bin/sh;
			shellScript = "diff \"${PODS_PODFILE_DIR_PATH}/Podfile.lock\" \"${PODS_ROOT}/Manifest.lock\" > /dev/null\nif [ $? != 0 ] ; then\n    # print error to STDERR\n    echo \"error: The sandbox is not in sync with the Podfile.lock. Run 'pod install' or update your CocoaPods installation.\" >&2\n    exit 1\nfi\n# This output is used by Xcode 'outputs' to avoid re-running this script phase.\necho \"SUCCESS\" > \"${SCRIPT_OUTPUT_FILE_0}\"\n";
			showEnvVarsInLog = 0;
		};
		C2B9CC4F55807F8908F1BE9C /* [CP] Check Pods Manifest.lock */ = {
			isa = PBXShellScriptBuildPhase;
			buildActionMask = 2147483647;
			files = (
			);
			inputFileListPaths = (
			);
			inputPaths = (
				"${PODS_PODFILE_DIR_PATH}/Podfile.lock",
				"${PODS_ROOT}/Manifest.lock",
			);
			name = "[CP] Check Pods Manifest.lock";
			outputFileListPaths = (
			);
			outputPaths = (
				"$(DERIVED_FILE_DIR)/Pods-TodoApp-TodoAppUITests-checkManifestLockResult.txt",
			);
			runOnlyForDeploymentPostprocessing = 0;
			shellPath = /bin/sh;
			shellScript = "diff \"${PODS_PODFILE_DIR_PATH}/Podfile.lock\" \"${PODS_ROOT}/Manifest.lock\" > /dev/null\nif [ $? != 0 ] ; then\n    # print error to STDERR\n    echo \"error: The sandbox is not in sync with the Podfile.lock. Run 'pod install' or update your CocoaPods installation.\" >&2\n    exit 1\nfi\n# This output is used by Xcode 'outputs' to avoid re-running this script phase.\necho \"SUCCESS\" > \"${SCRIPT_OUTPUT_FILE_0}\"\n";
			showEnvVarsInLog = 0;
		};
		F9483844653AD31458F4B0BD /* [CP] Check Pods Manifest.lock */ = {
			isa = PBXShellScriptBuildPhase;
			buildActionMask = 2147483647;
			files = (
			);
			inputFileListPaths = (
			);
			inputPaths = (
				"${PODS_PODFILE_DIR_PATH}/Podfile.lock",
				"${PODS_ROOT}/Manifest.lock",
			);
			name = "[CP] Check Pods Manifest.lock";
			outputFileListPaths = (
			);
			outputPaths = (
				"$(DERIVED_FILE_DIR)/Pods-TodoApp-checkManifestLockResult.txt",
			);
			runOnlyForDeploymentPostprocessing = 0;
			shellPath = /bin/sh;
			shellScript = "diff \"${PODS_PODFILE_DIR_PATH}/Podfile.lock\" \"${PODS_ROOT}/Manifest.lock\" > /dev/null\nif [ $? != 0 ] ; then\n    # print error to STDERR\n    echo \"error: The sandbox is not in sync with the Podfile.lock. Run 'pod install' or update your CocoaPods installation.\" >&2\n    exit 1\nfi\n# This output is used by Xcode 'outputs' to avoid re-running this script phase.\necho \"SUCCESS\" > \"${SCRIPT_OUTPUT_FILE_0}\"\n";
			showEnvVarsInLog = 0;
		};
/* End PBXShellScriptBuildPhase section */

/* Begin PBXSourcesBuildPhase section */
		DCA79BEF2155F95C00BDF8C3 /* Sources */ = {
			isa = PBXSourcesBuildPhase;
			buildActionMask = 2147483647;
			files = (
				DCA79C252156010F00BDF8C3 /* AddController.swift in Sources */,
				DCA79BF92155F95C00BDF8C3 /* ViewController.swift in Sources */,
				DCA79BF72155F95C00BDF8C3 /* AppDelegate.swift in Sources */,
			);
			runOnlyForDeploymentPostprocessing = 0;
		};
		DCA79C032155F95D00BDF8C3 /* Sources */ = {
			isa = PBXSourcesBuildPhase;
			buildActionMask = 2147483647;
			files = (
				DCA79C0C2155F95D00BDF8C3 /* TodoAppTests.swift in Sources */,
			);
			runOnlyForDeploymentPostprocessing = 0;
		};
		DCA79C0E2155F95D00BDF8C3 /* Sources */ = {
			isa = PBXSourcesBuildPhase;
			buildActionMask = 2147483647;
			files = (
				DCA79C172155F95D00BDF8C3 /* TodoAppUITests.swift in Sources */,
			);
			runOnlyForDeploymentPostprocessing = 0;
		};
/* End PBXSourcesBuildPhase section */

/* Begin PBXTargetDependency section */
		DCA79C092155F95D00BDF8C3 /* PBXTargetDependency */ = {
			isa = PBXTargetDependency;
			target = DCA79BF22155F95C00BDF8C3 /* TodoApp */;
			targetProxy = DCA79C082155F95D00BDF8C3 /* PBXContainerItemProxy */;
		};
		DCA79C142155F95D00BDF8C3 /* PBXTargetDependency */ = {
			isa = PBXTargetDependency;
			target = DCA79BF22155F95C00BDF8C3 /* TodoApp */;
			targetProxy = DCA79C132155F95D00BDF8C3 /* PBXContainerItemProxy */;
		};
/* End PBXTargetDependency section */

/* Begin PBXVariantGroup section */
		DCA79BFA2155F95C00BDF8C3 /* Main.storyboard */ = {
			isa = PBXVariantGroup;
			children = (
				DCA79BFB2155F95C00BDF8C3 /* Base */,
			);
			name = Main.storyboard;
			sourceTree = "<group>";
		};
		DCA79BFF2155F95D00BDF8C3 /* LaunchScreen.storyboard */ = {
			isa = PBXVariantGroup;
			children = (
				DCA79C002155F95D00BDF8C3 /* Base */,
			);
			name = LaunchScreen.storyboard;
			sourceTree = "<group>";
		};
/* End PBXVariantGroup section */

/* Begin XCBuildConfiguration section */
		DCA79C192155F95D00BDF8C3 /* Debug */ = {
			isa = XCBuildConfiguration;
			buildSettings = {
				ALWAYS_SEARCH_USER_PATHS = NO;
				CLANG_ANALYZER_NONNULL = YES;
				CLANG_ANALYZER_NUMBER_OBJECT_CONVERSION = YES_AGGRESSIVE;
				CLANG_CXX_LANGUAGE_STANDARD = "gnu++14";
				CLANG_CXX_LIBRARY = "libc++";
				CLANG_ENABLE_MODULES = YES;
				CLANG_ENABLE_OBJC_ARC = YES;
				CLANG_ENABLE_OBJC_WEAK = YES;
				CLANG_WARN_BLOCK_CAPTURE_AUTORELEASING = YES;
				CLANG_WARN_BOOL_CONVERSION = YES;
				CLANG_WARN_COMMA = YES;
				CLANG_WARN_CONSTANT_CONVERSION = YES;
				CLANG_WARN_DEPRECATED_OBJC_IMPLEMENTATIONS = YES;
				CLANG_WARN_DIRECT_OBJC_ISA_USAGE = YES_ERROR;
				CLANG_WARN_DOCUMENTATION_COMMENTS = YES;
				CLANG_WARN_EMPTY_BODY = YES;
				CLANG_WARN_ENUM_CONVERSION = YES;
				CLANG_WARN_INFINITE_RECURSION = YES;
				CLANG_WARN_INT_CONVERSION = YES;
				CLANG_WARN_NON_LITERAL_NULL_CONVERSION = YES;
				CLANG_WARN_OBJC_IMPLICIT_RETAIN_SELF = YES;
				CLANG_WARN_OBJC_LITERAL_CONVERSION = YES;
				CLANG_WARN_OBJC_ROOT_CLASS = YES_ERROR;
				CLANG_WARN_RANGE_LOOP_ANALYSIS = YES;
				CLANG_WARN_STRICT_PROTOTYPES = YES;
				CLANG_WARN_SUSPICIOUS_MOVE = YES;
				CLANG_WARN_UNGUARDED_AVAILABILITY = YES_AGGRESSIVE;
				CLANG_WARN_UNREACHABLE_CODE = YES;
				CLANG_WARN__DUPLICATE_METHOD_MATCH = YES;
				CODE_SIGN_IDENTITY = "iPhone Developer";
				COPY_PHASE_STRIP = NO;
				DEBUG_INFORMATION_FORMAT = dwarf;
				ENABLE_STRICT_OBJC_MSGSEND = YES;
				ENABLE_TESTABILITY = YES;
				GCC_C_LANGUAGE_STANDARD = gnu11;
				GCC_DYNAMIC_NO_PIC = NO;
				GCC_NO_COMMON_BLOCKS = YES;
				GCC_OPTIMIZATION_LEVEL = 0;
				GCC_PREPROCESSOR_DEFINITIONS = (
					"DEBUG=1",
					"$(inherited)",
				);
				GCC_WARN_64_TO_32_BIT_CONVERSION = YES;
				GCC_WARN_ABOUT_RETURN_TYPE = YES_ERROR;
				GCC_WARN_UNDECLARED_SELECTOR = YES;
				GCC_WARN_UNINITIALIZED_AUTOS = YES_AGGRESSIVE;
				GCC_WARN_UNUSED_FUNCTION = YES;
				GCC_WARN_UNUSED_VARIABLE = YES;
				IPHONEOS_DEPLOYMENT_TARGET = 12.0;
				MTL_ENABLE_DEBUG_INFO = INCLUDE_SOURCE;
				MTL_FAST_MATH = YES;
				ONLY_ACTIVE_ARCH = YES;
				SDKROOT = iphoneos;
				SWIFT_ACTIVE_COMPILATION_CONDITIONS = DEBUG;
				SWIFT_OPTIMIZATION_LEVEL = "-Onone";
			};
			name = Debug;
		};
		DCA79C1A2155F95D00BDF8C3 /* Release */ = {
			isa = XCBuildConfiguration;
			buildSettings = {
				ALWAYS_SEARCH_USER_PATHS = NO;
				CLANG_ANALYZER_NONNULL = YES;
				CLANG_ANALYZER_NUMBER_OBJECT_CONVERSION = YES_AGGRESSIVE;
				CLANG_CXX_LANGUAGE_STANDARD = "gnu++14";
				CLANG_CXX_LIBRARY = "libc++";
				CLANG_ENABLE_MODULES = YES;
				CLANG_ENABLE_OBJC_ARC = YES;
				CLANG_ENABLE_OBJC_WEAK = YES;
				CLANG_WARN_BLOCK_CAPTURE_AUTORELEASING = YES;
				CLANG_WARN_BOOL_CONVERSION = YES;
				CLANG_WARN_COMMA = YES;
				CLANG_WARN_CONSTANT_CONVERSION = YES;
				CLANG_WARN_DEPRECATED_OBJC_IMPLEMENTATIONS = YES;
				CLANG_WARN_DIRECT_OBJC_ISA_USAGE = YES_ERROR;
				CLANG_WARN_DOCUMENTATION_COMMENTS = YES;
				CLANG_WARN_EMPTY_BODY = YES;
				CLANG_WARN_ENUM_CONVERSION = YES;
				CLANG_WARN_INFINITE_RECURSION = YES;
				CLANG_WARN_INT_CONVERSION = YES;
				CLANG_WARN_NON_LITERAL_NULL_CONVERSION = YES;
				CLANG_WARN_OBJC_IMPLICIT_RETAIN_SELF = YES;
				CLANG_WARN_OBJC_LITERAL_CONVERSION = YES;
				CLANG_WARN_OBJC_ROOT_CLASS = YES_ERROR;
				CLANG_WARN_RANGE_LOOP_ANALYSIS = YES;
				CLANG_WARN_STRICT_PROTOTYPES = YES;
				CLANG_WARN_SUSPICIOUS_MOVE = YES;
				CLANG_WARN_UNGUARDED_AVAILABILITY = YES_AGGRESSIVE;
				CLANG_WARN_UNREACHABLE_CODE = YES;
				CLANG_WARN__DUPLICATE_METHOD_MATCH = YES;
				CODE_SIGN_IDENTITY = "iPhone Developer";
				COPY_PHASE_STRIP = NO;
				DEBUG_INFORMATION_FORMAT = "dwarf-with-dsym";
				ENABLE_NS_ASSERTIONS = NO;
				ENABLE_STRICT_OBJC_MSGSEND = YES;
				GCC_C_LANGUAGE_STANDARD = gnu11;
				GCC_NO_COMMON_BLOCKS = YES;
				GCC_WARN_64_TO_32_BIT_CONVERSION = YES;
				GCC_WARN_ABOUT_RETURN_TYPE = YES_ERROR;
				GCC_WARN_UNDECLARED_SELECTOR = YES;
				GCC_WARN_UNINITIALIZED_AUTOS = YES_AGGRESSIVE;
				GCC_WARN_UNUSED_FUNCTION = YES;
				GCC_WARN_UNUSED_VARIABLE = YES;
				IPHONEOS_DEPLOYMENT_TARGET = 12.0;
				MTL_ENABLE_DEBUG_INFO = NO;
				MTL_FAST_MATH = YES;
				SDKROOT = iphoneos;
				SWIFT_COMPILATION_MODE = wholemodule;
				SWIFT_OPTIMIZATION_LEVEL = "-O";
				VALIDATE_PRODUCT = YES;
			};
			name = Release;
		};
		DCA79C1C2155F95D00BDF8C3 /* Debug */ = {
			isa = XCBuildConfiguration;
			baseConfigurationReference = 21F2A389765221744370B228 /* Pods-TodoApp.debug.xcconfig */;
			buildSettings = {
				ASSETCATALOG_COMPILER_APPICON_NAME = AppIcon;
				CODE_SIGN_STYLE = Automatic;
				DEVELOPMENT_TEAM = CDTJ3R59MG;
				INFOPLIST_FILE = TodoApp/Info.plist;
				LD_RUNPATH_SEARCH_PATHS = (
					"$(inherited)",
					"@executable_path/Frameworks",
				);
				PRODUCT_BUNDLE_IDENTIFIER = jp.papannda444.TodoApp;
				PRODUCT_NAME = "$(TARGET_NAME)";
				SWIFT_VERSION = 4.2;
				TARGETED_DEVICE_FAMILY = 1;
			};
			name = Debug;
		};
		DCA79C1D2155F95D00BDF8C3 /* Release */ = {
			isa = XCBuildConfiguration;
			baseConfigurationReference = ECFF9E9A27D9938ACBC25647 /* Pods-TodoApp.release.xcconfig */;
			buildSettings = {
				ASSETCATALOG_COMPILER_APPICON_NAME = AppIcon;
				CODE_SIGN_STYLE = Automatic;
				DEVELOPMENT_TEAM = CDTJ3R59MG;
				INFOPLIST_FILE = TodoApp/Info.plist;
				LD_RUNPATH_SEARCH_PATHS = (
					"$(inherited)",
					"@executable_path/Frameworks",
				);
				PRODUCT_BUNDLE_IDENTIFIER = jp.papannda444.TodoApp;
				PRODUCT_NAME = "$(TARGET_NAME)";
				SWIFT_VERSION = 4.2;
				TARGETED_DEVICE_FAMILY = 1;
			};
			name = Release;
		};
		DCA79C1F2155F95D00BDF8C3 /* Debug */ = {
			isa = XCBuildConfiguration;
			baseConfigurationReference = D4E07517579202A9A38C4B33 /* Pods-TodoAppTests.debug.xcconfig */;
			buildSettings = {
				ALWAYS_EMBED_SWIFT_STANDARD_LIBRARIES = YES;
				BUNDLE_LOADER = "$(TEST_HOST)";
				CODE_SIGN_STYLE = Automatic;
				DEVELOPMENT_TEAM = CDTJ3R59MG;
				INFOPLIST_FILE = TodoAppTests/Info.plist;
				LD_RUNPATH_SEARCH_PATHS = (
					"$(inherited)",
					"@executable_path/Frameworks",
					"@loader_path/Frameworks",
				);
				PRODUCT_BUNDLE_IDENTIFIER = jp.papannda444.TodoAppTests;
				PRODUCT_NAME = "$(TARGET_NAME)";
				SWIFT_VERSION = 4.2;
				TARGETED_DEVICE_FAMILY = "1,2";
				TEST_HOST = "$(BUILT_PRODUCTS_DIR)/TodoApp.app/TodoApp";
			};
			name = Debug;
		};
		DCA79C202155F95D00BDF8C3 /* Release */ = {
			isa = XCBuildConfiguration;
			baseConfigurationReference = 8022DD9BD8665B99BD54CCE4 /* Pods-TodoAppTests.release.xcconfig */;
			buildSettings = {
				ALWAYS_EMBED_SWIFT_STANDARD_LIBRARIES = YES;
				BUNDLE_LOADER = "$(TEST_HOST)";
				CODE_SIGN_STYLE = Automatic;
				DEVELOPMENT_TEAM = CDTJ3R59MG;
				INFOPLIST_FILE = TodoAppTests/Info.plist;
				LD_RUNPATH_SEARCH_PATHS = (
					"$(inherited)",
					"@executable_path/Frameworks",
					"@loader_path/Frameworks",
				);
				PRODUCT_BUNDLE_IDENTIFIER = jp.papannda444.TodoAppTests;
				PRODUCT_NAME = "$(TARGET_NAME)";
				SWIFT_VERSION = 4.2;
				TARGETED_DEVICE_FAMILY = "1,2";
				TEST_HOST = "$(BUILT_PRODUCTS_DIR)/TodoApp.app/TodoApp";
			};
			name = Release;
		};
		DCA79C222155F95D00BDF8C3 /* Debug */ = {
			isa = XCBuildConfiguration;
			baseConfigurationReference = 493AA672706DB9FF6A29E1BF /* Pods-TodoApp-TodoAppUITests.debug.xcconfig */;
			buildSettings = {
				ALWAYS_EMBED_SWIFT_STANDARD_LIBRARIES = YES;
				CODE_SIGN_STYLE = Automatic;
				DEVELOPMENT_TEAM = CDTJ3R59MG;
				INFOPLIST_FILE = TodoAppUITests/Info.plist;
				LD_RUNPATH_SEARCH_PATHS = (
					"$(inherited)",
					"@executable_path/Frameworks",
					"@loader_path/Frameworks",
				);
				PRODUCT_BUNDLE_IDENTIFIER = jp.papannda444.TodoAppUITests;
				PRODUCT_NAME = "$(TARGET_NAME)";
				SWIFT_VERSION = 4.2;
				TARGETED_DEVICE_FAMILY = "1,2";
				TEST_TARGET_NAME = TodoApp;
			};
			name = Debug;
		};
		DCA79C232155F95D00BDF8C3 /* Release */ = {
			isa = XCBuildConfiguration;
			baseConfigurationReference = 964C24F587838DE1637D5091 /* Pods-TodoApp-TodoAppUITests.release.xcconfig */;
			buildSettings = {
				ALWAYS_EMBED_SWIFT_STANDARD_LIBRARIES = YES;
				CODE_SIGN_STYLE = Automatic;
				DEVELOPMENT_TEAM = CDTJ3R59MG;
				INFOPLIST_FILE = TodoAppUITests/Info.plist;
				LD_RUNPATH_SEARCH_PATHS = (
					"$(inherited)",
					"@executable_path/Frameworks",
					"@loader_path/Frameworks",
				);
				PRODUCT_BUNDLE_IDENTIFIER = jp.papannda444.TodoAppUITests;
				PRODUCT_NAME = "$(TARGET_NAME)";
				SWIFT_VERSION = 4.2;
				TARGETED_DEVICE_FAMILY = "1,2";
				TEST_TARGET_NAME = TodoApp;
			};
			name = Release;
		};
/* End XCBuildConfiguration section */

/* Begin XCConfigurationList section */
		DCA79BEE2155F95C00BDF8C3 /* Build configuration list for PBXProject "TodoApp" */ = {
			isa = XCConfigurationList;
			buildConfigurations = (
				DCA79C192155F95D00BDF8C3 /* Debug */,
				DCA79C1A2155F95D00BDF8C3 /* Release */,
			);
			defaultConfigurationIsVisible = 0;
			defaultConfigurationName = Release;
		};
		DCA79C1B2155F95D00BDF8C3 /* Build configuration list for PBXNativeTarget "TodoApp" */ = {
			isa = XCConfigurationList;
			buildConfigurations = (
				DCA79C1C2155F95D00BDF8C3 /* Debug */,
				DCA79C1D2155F95D00BDF8C3 /* Release */,
			);
			defaultConfigurationIsVisible = 0;
			defaultConfigurationName = Release;
		};
		DCA79C1E2155F95D00BDF8C3 /* Build configuration list for PBXNativeTarget "TodoAppTests" */ = {
			isa = XCConfigurationList;
			buildConfigurations = (
				DCA79C1F2155F95D00BDF8C3 /* Debug */,
				DCA79C202155F95D00BDF8C3 /* Release */,
			);
			defaultConfigurationIsVisible = 0;
			defaultConfigurationName = Release;
		};
		DCA79C212155F95D00BDF8C3 /* Build configuration list for PBXNativeTarget "TodoAppUITests" */ = {
			isa = XCConfigurationList;
			buildConfigurations = (
				DCA79C222155F95D00BDF8C3 /* Debug */,
				DCA79C232155F95D00BDF8C3 /* Release */,
			);
			defaultConfigurationIsVisible = 0;
			defaultConfigurationName = Release;
		};
/* End XCConfigurationList section */
	};
	rootObject = DCA79BEB2155F95C00BDF8C3 /* Project object */;
}
